<?xml version="1.0" encoding="utf-8"?>
<Project xmlns="http://schemas.microsoft.com/developer/msbuild/2003">
  <PropertyGroup>
    <ProjectGuid>{10bcf546-a22a-4dcb-9adc-f4a512be1a1a}</ProjectGuid>
    <Configuration Condition=" '$(Configuration)' == '' ">Release</Configuration>
    <Platform Condition=" '$(Platform)' == '' ">AnyCPU</Platform>
    <DCC_DCCCompiler>DCC32</DCC_DCCCompiler>
    <DCC_DependencyCheckOutputName>NTLauncher.exe</DCC_DependencyCheckOutputName>
    <MainSource>NTLauncher.dpr</MainSource>
  </PropertyGroup>
  <PropertyGroup Condition=" '$(Configuration)|$(Platform)' == 'Release|AnyCPU' ">
    <Version>7.0</Version>
    <DCC_DebugInformation>False</DCC_DebugInformation>
    <DCC_LocalDebugSymbols>False</DCC_LocalDebugSymbols>
    <DCC_SymbolReferenceInfo>0</DCC_SymbolReferenceInfo>
    <DCC_UnitSearchPath>E:\Programming\KOL</DCC_UnitSearchPath>
    <DCC_ResourcePath>E:\Programming\KOL</DCC_ResourcePath>
    <DCC_ObjPath>E:\Programming\KOL</DCC_ObjPath>
    <DCC_IncludePath>E:\Programming\KOL</DCC_IncludePath>
    <DCC_Define>RELEASE</DCC_Define>
    <DCC_IOChecking>False</DCC_IOChecking>
  </PropertyGroup>
  <PropertyGroup Condition=" '$(Configuration)|$(Platform)' == 'Debug|AnyCPU' ">
    <Version>7.0</Version>
    <DCC_UnitSearchPath>E:\Programming\KOL</DCC_UnitSearchPath>
    <DCC_ResourcePath>E:\Programming\KOL</DCC_ResourcePath>
    <DCC_ObjPath>E:\Programming\KOL</DCC_ObjPath>
    <DCC_IncludePath>E:\Programming\KOL</DCC_IncludePath>
    <DCC_Define>DEBUG</DCC_Define>
    <DCC_Optimize>False</DCC_Optimize>
    <DCC_IntegerOverflowCheck>True</DCC_IntegerOverflowCheck>
    <DCC_RangeChecking>True</DCC_RangeChecking>
  </PropertyGroup>
  <ProjectExtensions>
    <Borland.Personality>Delphi.Personality</Borland.Personality>
    <Borland.ProjectType />
    <BorlandProject>
<BorlandProject><Delphi.Personality><Parameters><Parameters Name="UseLauncher">False</Parameters><Parameters Name="LoadAllSymbols">True</Parameters><Parameters Name="LoadUnspecifiedSymbols">False</Parameters></Parameters><VersionInfo><VersionInfo Name="IncludeVerInfo">False</VersionInfo><VersionInfo Name="AutoIncBuild">False</VersionInfo><VersionInfo Name="MajorVer">1</VersionInfo><VersionInfo Name="MinorVer">0</VersionInfo><VersionInfo Name="Release">0</VersionInfo><VersionInfo Name="Build">0</VersionInfo><VersionInfo Name="Debug">False</VersionInfo><VersionInfo Name="PreRelease">False</VersionInfo><VersionInfo Name="Special">False</VersionInfo><VersionInfo Name="Private">False</VersionInfo><VersionInfo Name="DLL">False</VersionInfo><VersionInfo Name="Locale">1049</VersionInfo><VersionInfo Name="CodePage">1251</VersionInfo></VersionInfo><VersionInfoKeys><VersionInfoKeys Name="CompanyName"></VersionInfoKeys><VersionInfoKeys Name="FileDescription"></VersionInfoKeys><VersionInfoKeys Name="FileVersion">1.0.0.0</VersionInfoKeys><VersionInfoKeys Name="InternalName"></VersionInfoKeys><VersionInfoKeys Name="LegalCopyright"></VersionInfoKeys><VersionInfoKeys Name="LegalTrademarks"></VersionInfoKeys><VersionInfoKeys Name="OriginalFilename"></VersionInfoKeys><VersionInfoKeys Name="ProductName"></VersionInfoKeys><VersionInfoKeys Name="ProductVersion">1.0.0.0</VersionInfoKeys><VersionInfoKeys Name="Comments"></VersionInfoKeys></VersionInfoKeys><Source><Source Name="MainSource">NTLauncher.dpr</Source></Source></Delphi.Personality></BorlandProject></BorlandProject>
  </ProjectExtensions>
  <Import Project="$(MSBuildBinPath)\Borland.Delphi.Targets" />
  <ItemGroup>
    <DelphiCompile Include="NTLauncher.dpr">
      <MainSource>MainSource</MainSource>
    </DelphiCompile>
    <DCCReference Include="Additions.pas" />
    <DCCReference Include="Defence.pas" />
    <DCCReference Include="FileAPI.pas" />
    <DCCReference Include="HashModules\cHash.pas" />
    <DCCReference Include="HashUtils.pas" />
    <DCCReference Include="HWID.pas" />
    <DCCReference Include="LauncherSettings.pas" />
    <DCCReference Include="Main.pas">
      <Form>MainForm</Form>
    </DCCReference>
    <DCCReference Include="MinecraftLauncher.pas" />
    <DCCReference Include="MultiserverUtils.pas" />
    <DCCReference Include="Perimeter.pas" />
    <DCCReference Include="PNGModules\pngextra.pas" />
    <DCCReference Include="PNGModules\pngimage.pas" />
    <DCCReference Include="PNGModules\pnglang.pas" />
    <DCCReference Include="PostRequest.pas" />
    <DCCReference Include="RegistryUtils.pas" />
    <DCCReference Include="SkinSystem.pas" />
    <DCCReference Include="Synapse\blcksock.pas" />
    <DCCReference Include="Synapse\httpsend.pas" />
    <DCCReference Include="Synapse\synacode.pas" />
    <DCCReference Include="Synapse\synafpc.pas" />
    <DCCReference Include="Synapse\synaip.pas" />
    <DCCReference Include="Synapse\synautil.pas" />
    <DCCReference Include="Synapse\synsock.pas" />
    <DCCReference Include="ZipModules\FWZipConsts.pas" />
    <DCCReference Include="ZipModules\FWZipCrc32.pas" />
    <DCCReference Include="ZipModules\FWZipCrypt.pas" />
    <DCCReference Include="ZipModules\FWZipReader.pas" />
    <DCCReference Include="ZipModules\FWZipStream.pas" />
    <DCCReference Include="ZipModules\FWZipZLib.pas" />
    <DCCReference Include="ZipModules\ZLibEx.pas" />
    <DCCReference Include="ZipModules\ZLibExApi.pas" />
    <DCCReference Include="ZipModules\ZLibExGZ.pas" />
    <DCCReference Include="ZipModules\zlibpas.pas" />
    <None Include="Definitions.inc" />
    <None Include="LocalServersList.inc" />
  </ItemGroup>
</Project>